
Microsoft Visual Studio Solution File, Format Version 12.00
# Visual Studio Version 16
VisualStudioVersion = 16.0.31515.178
MinimumVisualStudioVersion = 10.0.40219.1
Project("{FAE04EC0-301F-11D3-BF4B-00C04F79EFBC}") = "AoC", "..\AoC\AoC.csproj", "{F12EDE65-84CD-4B4C-8429-29E5A61C93BB}"
EndProject
Project("{FAE04EC0-301F-11D3-BF4B-00C04F79EFBC}") = "Day 1", "Day 1\Day 1.csproj", "{8B11C24A-E18A-4268-A87D-75DA52608383}"
EndProject
Project("{FAE04EC0-301F-11D3-BF4B-00C04F79EFBC}") = "Day 2", "Day 2\Day 2.csproj", "{8C5BA3CD-D1B9-466E-B00D-B1D07F0A3AF4}"
EndProject
Project("{FAE04EC0-301F-11D3-BF4B-00C04F79EFBC}") = "Day 3", "Day 3\Day 3.csproj", "{0312E331-CC47-44FF-974C-D5674D935815}"
EndProject
Project("{FAE04EC0-301F-11D3-BF4B-00C04F79EFBC}") = "Day 4", "Day 4\Day 4.csproj", "{120A7456-9267-4B94-8466-2085C94FA02C}"
EndProject
Project("{FAE04EC0-301F-11D3-BF4B-00C04F79EFBC}") = "Day 5", "Day 5\Day 5.csproj", "{07EEA0F4-A444-4388-846A-6E2BC2E41E18}"
EndProject
Project("{FAE04EC0-301F-11D3-BF4B-00C04F79EFBC}") = "Day 6", "Day 6\Day 6.csproj", "{A89750B5-01E1-49D7-85EE-9CD07A6BC333}"
EndProject
Project("{FAE04EC0-301F-11D3-BF4B-00C04F79EFBC}") = "Day 7", "Day 7\Day 7.csproj", "{FFEBF732-DCDA-4BB6-8D0C-0D74E14227A5}"
EndProject
Project("{FAE04EC0-301F-11D3-BF4B-00C04F79EFBC}") = "Day 8", "Day 8\Day 8.csproj", "{E7E8E2A5-9B59-403F-97D4-7B9DEC58030A}"
EndProject
Project("{FAE04EC0-301F-11D3-BF4B-00C04F79EFBC}") = "Day 9", "Day 9\Day 9.csproj", "{851530D2-FD03-4208-94B1-4F75BFDD49E3}"
EndProject
Project("{FAE04EC0-301F-11D3-BF4B-00C04F79EFBC}") = "Day 10", "Day 10\Day 10.csproj", "{B6F18FEC-F221-4242-848E-F54AEBACB1C2}"
EndProject
Project("{FAE04EC0-301F-11D3-BF4B-00C04F79EFBC}") = "Day 11", "Day 11\Day 11.csproj", "{F744D899-4EB8-42F1-B29B-40D97AB7888D}"
EndProject
Global
	GlobalSection(SolutionConfigurationPlatforms) = preSolution
		Debug|Any CPU = Debug|Any CPU
		Release|Any CPU = Release|Any CPU
	EndGlobalSection
	GlobalSection(ProjectConfigurationPlatforms) = postSolution
		{F12EDE65-84CD-4B4C-8429-29E5A61C93BB}.Debug|Any CPU.ActiveCfg = Debug|Any CPU
		{F12EDE65-84CD-4B4C-8429-29E5A61C93BB}.Debug|Any CPU.Build.0 = Debug|Any CPU
		{F12EDE65-84CD-4B4C-8429-29E5A61C93BB}.Release|Any CPU.ActiveCfg = Release|Any CPU
		{F12EDE65-84CD-4B4C-8429-29E5A61C93BB}.Release|Any CPU.Build.0 = Release|Any CPU
		{8B11C24A-E18A-4268-A87D-75DA52608383}.Debug|Any CPU.ActiveCfg = Debug|Any CPU
		{8B11C24A-E18A-4268-A87D-75DA52608383}.Debug|Any CPU.Build.0 = Debug|Any CPU
		{8B11C24A-E18A-4268-A87D-75DA52608383}.Release|Any CPU.ActiveCfg = Release|Any CPU
		{8B11C24A-E18A-4268-A87D-75DA52608383}.Release|Any CPU.Build.0 = Release|Any CPU
		{8C5BA3CD-D1B9-466E-B00D-B1D07F0A3AF4}.Debug|Any CPU.ActiveCfg = Debug|Any CPU
		{8C5BA3CD-D1B9-466E-B00D-B1D07F0A3AF4}.Debug|Any CPU.Build.0 = Debug|Any CPU
		{8C5BA3CD-D1B9-466E-B00D-B1D07F0A3AF4}.Release|Any CPU.ActiveCfg = Release|Any CPU
		{8C5BA3CD-D1B9-466E-B00D-B1D07F0A3AF4}.Release|Any CPU.Build.0 = Release|Any CPU
		{0312E331-CC47-44FF-974C-D5674D935815}.Debug|Any CPU.ActiveCfg = Debug|Any CPU
		{0312E331-CC47-44FF-974C-D5674D935815}.Debug|Any CPU.Build.0 = Debug|Any CPU
		{0312E331-CC47-44FF-974C-D5674D935815}.Release|Any CPU.ActiveCfg = Release|Any CPU
		{0312E331-CC47-44FF-974C-D5674D935815}.Release|Any CPU.Build.0 = Release|Any CPU
		{120A7456-9267-4B94-8466-2085C94FA02C}.Debug|Any CPU.ActiveCfg = Debug|Any CPU
		{120A7456-9267-4B94-8466-2085C94FA02C}.Debug|Any CPU.Build.0 = Debug|Any CPU
		{120A7456-9267-4B94-8466-2085C94FA02C}.Release|Any CPU.ActiveCfg = Release|Any CPU
		{120A7456-9267-4B94-8466-2085C94FA02C}.Release|Any CPU.Build.0 = Release|Any CPU
		{07EEA0F4-A444-4388-846A-6E2BC2E41E18}.Debug|Any CPU.ActiveCfg = Debug|Any CPU
		{07EEA0F4-A444-4388-846A-6E2BC2E41E18}.Debug|Any CPU.Build.0 = Debug|Any CPU
		{07EEA0F4-A444-4388-846A-6E2BC2E41E18}.Release|Any CPU.ActiveCfg = Release|Any CPU
		{07EEA0F4-A444-4388-846A-6E2BC2E41E18}.Release|Any CPU.Build.0 = Release|Any CPU
		{A89750B5-01E1-49D7-85EE-9CD07A6BC333}.Debug|Any CPU.ActiveCfg = Debug|Any CPU
		{A89750B5-01E1-49D7-85EE-9CD07A6BC333}.Debug|Any CPU.Build.0 = Debug|Any CPU
		{A89750B5-01E1-49D7-85EE-9CD07A6BC333}.Release|Any CPU.ActiveCfg = Release|Any CPU
		{A89750B5-01E1-49D7-85EE-9CD07A6BC333}.Release|Any CPU.Build.0 = Release|Any CPU
		{FFEBF732-DCDA-4BB6-8D0C-0D74E14227A5}.Debug|Any CPU.ActiveCfg = Debug|Any CPU
		{FFEBF732-DCDA-4BB6-8D0C-0D74E14227A5}.Debug|Any CPU.Build.0 = Debug|Any CPU
		{FFEBF732-DCDA-4BB6-8D0C-0D74E14227A5}.Release|Any CPU.ActiveCfg = Release|Any CPU
		{FFEBF732-DCDA-4BB6-8D0C-0D74E14227A5}.Release|Any CPU.Build.0 = Release|Any CPU
		{E7E8E2A5-9B59-403F-97D4-7B9DEC58030A}.Debug|Any CPU.ActiveCfg = Debug|Any CPU
		{E7E8E2A5-9B59-403F-97D4-7B9DEC58030A}.Debug|Any CPU.Build.0 = Debug|Any CPU
		{E7E8E2A5-9B59-403F-97D4-7B9DEC58030A}.Release|Any CPU.ActiveCfg = Release|Any CPU
		{E7E8E2A5-9B59-403F-97D4-7B9DEC58030A}.Release|Any CPU.Build.0 = Release|Any CPU
		{851530D2-FD03-4208-94B1-4F75BFDD49E3}.Debug|Any CPU.ActiveCfg = Debug|Any CPU
		{851530D2-FD03-4208-94B1-4F75BFDD49E3}.Debug|Any CPU.Build.0 = Debug|Any CPU
		{851530D2-FD03-4208-94B1-4F75BFDD49E3}.Release|Any CPU.ActiveCfg = Release|Any CPU
		{851530D2-FD03-4208-94B1-4F75BFDD49E3}.Release|Any CPU.Build.0 = Release|Any CPU
		{B6F18FEC-F221-4242-848E-F54AEBACB1C2}.Debug|Any CPU.ActiveCfg = Debug|Any CPU
		{B6F18FEC-F221-4242-848E-F54AEBACB1C2}.Debug|Any CPU.Build.0 = Debug|Any CPU
		{B6F18FEC-F221-4242-848E-F54AEBACB1C2}.Release|Any CPU.ActiveCfg = Release|Any CPU
		{B6F18FEC-F221-4242-848E-F54AEBACB1C2}.Release|Any CPU.Build.0 = Release|Any CPU
		{F744D899-4EB8-42F1-B29B-40D97AB7888D}.Debug|Any CPU.ActiveCfg = Debug|Any CPU
		{F744D899-4EB8-42F1-B29B-40D97AB7888D}.Debug|Any CPU.Build.0 = Debug|Any CPU
		{F744D899-4EB8-42F1-B29B-40D97AB7888D}.Release|Any CPU.ActiveCfg = Release|Any CPU
		{F744D899-4EB8-42F1-B29B-40D97AB7888D}.Release|Any CPU.Build.0 = Release|Any CPU
	EndGlobalSection
	GlobalSection(SolutionProperties) = preSolution
		HideSolutionNode = FALSE
	EndGlobalSection
	GlobalSection(ExtensibilityGlobals) = postSolution
		SolutionGuid = {85977233-C693-444F-AAC4-815893F26748}
	EndGlobalSection
EndGlobal
