
Microsoft Visual Studio Solution File, Format Version 12.00
# Visual Studio Version 16
VisualStudioVersion = 16.0.31515.178
MinimumVisualStudioVersion = 10.0.40219.1
Project("{FAE04EC0-301F-11D3-BF4B-00C04F79EFBC}") = "Day 1", "AdventOfCode2020\Day 1.csproj", "{9D2FC869-4740-421E-B3F3-BF81463A7329}"
EndProject
Project("{FAE04EC0-301F-11D3-BF4B-00C04F79EFBC}") = "AoC", "..\AoC\AoC.csproj", "{F12EDE65-84CD-4B4C-8429-29E5A61C93BB}"
EndProject
Project("{FAE04EC0-301F-11D3-BF4B-00C04F79EFBC}") = "Day 2", "Day 2\Day 2.csproj", "{A524F4E6-21DD-4A32-8EBC-517DBBDC6BC7}"
EndProject
Project("{FAE04EC0-301F-11D3-BF4B-00C04F79EFBC}") = "Day 3", "Day 3\Day 3.csproj", "{EAE377C9-7129-4431-BDBA-3246444BD0A3}"
EndProject
Global
	GlobalSection(SolutionConfigurationPlatforms) = preSolution
		Debug|Any CPU = Debug|Any CPU
		Release|Any CPU = Release|Any CPU
	EndGlobalSection
	GlobalSection(ProjectConfigurationPlatforms) = postSolution
		{9D2FC869-4740-421E-B3F3-BF81463A7329}.Debug|Any CPU.ActiveCfg = Debug|Any CPU
		{9D2FC869-4740-421E-B3F3-BF81463A7329}.Debug|Any CPU.Build.0 = Debug|Any CPU
		{9D2FC869-4740-421E-B3F3-BF81463A7329}.Release|Any CPU.ActiveCfg = Release|Any CPU
		{9D2FC869-4740-421E-B3F3-BF81463A7329}.Release|Any CPU.Build.0 = Release|Any CPU
		{F12EDE65-84CD-4B4C-8429-29E5A61C93BB}.Debug|Any CPU.ActiveCfg = Debug|Any CPU
		{F12EDE65-84CD-4B4C-8429-29E5A61C93BB}.Debug|Any CPU.Build.0 = Debug|Any CPU
		{F12EDE65-84CD-4B4C-8429-29E5A61C93BB}.Release|Any CPU.ActiveCfg = Release|Any CPU
		{F12EDE65-84CD-4B4C-8429-29E5A61C93BB}.Release|Any CPU.Build.0 = Release|Any CPU
		{A524F4E6-21DD-4A32-8EBC-517DBBDC6BC7}.Debug|Any CPU.ActiveCfg = Debug|Any CPU
		{A524F4E6-21DD-4A32-8EBC-517DBBDC6BC7}.Debug|Any CPU.Build.0 = Debug|Any CPU
		{A524F4E6-21DD-4A32-8EBC-517DBBDC6BC7}.Release|Any CPU.ActiveCfg = Release|Any CPU
		{A524F4E6-21DD-4A32-8EBC-517DBBDC6BC7}.Release|Any CPU.Build.0 = Release|Any CPU
		{EAE377C9-7129-4431-BDBA-3246444BD0A3}.Debug|Any CPU.ActiveCfg = Debug|Any CPU
		{EAE377C9-7129-4431-BDBA-3246444BD0A3}.Debug|Any CPU.Build.0 = Debug|Any CPU
		{EAE377C9-7129-4431-BDBA-3246444BD0A3}.Release|Any CPU.ActiveCfg = Release|Any CPU
		{EAE377C9-7129-4431-BDBA-3246444BD0A3}.Release|Any CPU.Build.0 = Release|Any CPU
	EndGlobalSection
	GlobalSection(SolutionProperties) = preSolution
		HideSolutionNode = FALSE
	EndGlobalSection
	GlobalSection(ExtensibilityGlobals) = postSolution
		SolutionGuid = {56617E55-D4B9-4EEE-A71F-EBAA823E758B}
	EndGlobalSection
EndGlobal
