
Microsoft Visual Studio Solution File, Format Version 12.00
Project("{FAE04EC0-301F-11D3-BF4B-00C04F79EFBC}") = "Day1", "Day1\Day1.csproj", "{68FB340C-E4E0-4578-B274-8DB21BD393BA}"
EndProject
Project("{FAE04EC0-301F-11D3-BF4B-00C04F79EFBC}") = "AoC", "..\AoC_DotNet6\AoC.csproj", "{1FA5B5A9-95A4-4FBE-A65E-6F7D5143CB66}"
EndProject
Project("{FAE04EC0-301F-11D3-BF4B-00C04F79EFBC}") = "Day2", "Day2\Day2.csproj", "{E5804CB0-8EC7-4DC6-A4CA-609E8CC53369}"
EndProject
Project("{FAE04EC0-301F-11D3-BF4B-00C04F79EFBC}") = "Day3", "Day3\Day3.csproj", "{124BA511-320C-4682-A45A-D29FC645AD31}"
EndProject
Project("{FAE04EC0-301F-11D3-BF4B-00C04F79EFBC}") = "Day4", "Day4\Day4.csproj", "{24A36AD0-1D31-40CE-A0C0-A2A04E7A5A58}"
EndProject
Project("{FAE04EC0-301F-11D3-BF4B-00C04F79EFBC}") = "Day5", "Day5\Day5.csproj", "{370BB6A6-8FA2-4B6E-9543-3F2D22EEDA55}"
EndProject
Global
	GlobalSection(SolutionConfigurationPlatforms) = preSolution
		Debug|Any CPU = Debug|Any CPU
		Release|Any CPU = Release|Any CPU
	EndGlobalSection
	GlobalSection(ProjectConfigurationPlatforms) = postSolution
		{68FB340C-E4E0-4578-B274-8DB21BD393BA}.Debug|Any CPU.ActiveCfg = Debug|Any CPU
		{68FB340C-E4E0-4578-B274-8DB21BD393BA}.Debug|Any CPU.Build.0 = Debug|Any CPU
		{68FB340C-E4E0-4578-B274-8DB21BD393BA}.Release|Any CPU.ActiveCfg = Release|Any CPU
		{68FB340C-E4E0-4578-B274-8DB21BD393BA}.Release|Any CPU.Build.0 = Release|Any CPU
		{1FA5B5A9-95A4-4FBE-A65E-6F7D5143CB66}.Debug|Any CPU.ActiveCfg = Debug|Any CPU
		{1FA5B5A9-95A4-4FBE-A65E-6F7D5143CB66}.Debug|Any CPU.Build.0 = Debug|Any CPU
		{1FA5B5A9-95A4-4FBE-A65E-6F7D5143CB66}.Release|Any CPU.ActiveCfg = Release|Any CPU
		{1FA5B5A9-95A4-4FBE-A65E-6F7D5143CB66}.Release|Any CPU.Build.0 = Release|Any CPU
		{E5804CB0-8EC7-4DC6-A4CA-609E8CC53369}.Debug|Any CPU.ActiveCfg = Debug|Any CPU
		{E5804CB0-8EC7-4DC6-A4CA-609E8CC53369}.Debug|Any CPU.Build.0 = Debug|Any CPU
		{E5804CB0-8EC7-4DC6-A4CA-609E8CC53369}.Release|Any CPU.ActiveCfg = Release|Any CPU
		{E5804CB0-8EC7-4DC6-A4CA-609E8CC53369}.Release|Any CPU.Build.0 = Release|Any CPU
		{124BA511-320C-4682-A45A-D29FC645AD31}.Debug|Any CPU.ActiveCfg = Debug|Any CPU
		{124BA511-320C-4682-A45A-D29FC645AD31}.Debug|Any CPU.Build.0 = Debug|Any CPU
		{124BA511-320C-4682-A45A-D29FC645AD31}.Release|Any CPU.ActiveCfg = Release|Any CPU
		{124BA511-320C-4682-A45A-D29FC645AD31}.Release|Any CPU.Build.0 = Release|Any CPU
		{24A36AD0-1D31-40CE-A0C0-A2A04E7A5A58}.Debug|Any CPU.ActiveCfg = Debug|Any CPU
		{24A36AD0-1D31-40CE-A0C0-A2A04E7A5A58}.Debug|Any CPU.Build.0 = Debug|Any CPU
		{24A36AD0-1D31-40CE-A0C0-A2A04E7A5A58}.Release|Any CPU.ActiveCfg = Release|Any CPU
		{24A36AD0-1D31-40CE-A0C0-A2A04E7A5A58}.Release|Any CPU.Build.0 = Release|Any CPU
		{370BB6A6-8FA2-4B6E-9543-3F2D22EEDA55}.Debug|Any CPU.ActiveCfg = Debug|Any CPU
		{370BB6A6-8FA2-4B6E-9543-3F2D22EEDA55}.Debug|Any CPU.Build.0 = Debug|Any CPU
		{370BB6A6-8FA2-4B6E-9543-3F2D22EEDA55}.Release|Any CPU.ActiveCfg = Release|Any CPU
		{370BB6A6-8FA2-4B6E-9543-3F2D22EEDA55}.Release|Any CPU.Build.0 = Release|Any CPU
	EndGlobalSection
EndGlobal
