
Microsoft Visual Studio Solution File, Format Version 12.00
Project("{FAE04EC0-301F-11D3-BF4B-00C04F79EFBC}") = "Day1", "Day1\Day1.csproj", "{68FB340C-E4E0-4578-B274-8DB21BD393BA}"
EndProject
Project("{FAE04EC0-301F-11D3-BF4B-00C04F79EFBC}") = "AoC", "..\AoC_DotNet6\AoC.csproj", "{1FA5B5A9-95A4-4FBE-A65E-6F7D5143CB66}"
EndProject
Global
	GlobalSection(SolutionConfigurationPlatforms) = preSolution
		Debug|Any CPU = Debug|Any CPU
		Release|Any CPU = Release|Any CPU
	EndGlobalSection
	GlobalSection(ProjectConfigurationPlatforms) = postSolution
		{68FB340C-E4E0-4578-B274-8DB21BD393BA}.Debug|Any CPU.ActiveCfg = Debug|Any CPU
		{68FB340C-E4E0-4578-B274-8DB21BD393BA}.Debug|Any CPU.Build.0 = Debug|Any CPU
		{68FB340C-E4E0-4578-B274-8DB21BD393BA}.Release|Any CPU.ActiveCfg = Release|Any CPU
		{68FB340C-E4E0-4578-B274-8DB21BD393BA}.Release|Any CPU.Build.0 = Release|Any CPU
		{1FA5B5A9-95A4-4FBE-A65E-6F7D5143CB66}.Debug|Any CPU.ActiveCfg = Debug|Any CPU
		{1FA5B5A9-95A4-4FBE-A65E-6F7D5143CB66}.Debug|Any CPU.Build.0 = Debug|Any CPU
		{1FA5B5A9-95A4-4FBE-A65E-6F7D5143CB66}.Release|Any CPU.ActiveCfg = Release|Any CPU
		{1FA5B5A9-95A4-4FBE-A65E-6F7D5143CB66}.Release|Any CPU.Build.0 = Release|Any CPU
	EndGlobalSection
EndGlobal
