
Microsoft Visual Studio Solution File, Format Version 12.00
# Visual Studio Version 16
VisualStudioVersion = 16.0.30523.141
MinimumVisualStudioVersion = 10.0.40219.1
Project("{FAE04EC0-301F-11D3-BF4B-00C04F79EFBC}") = "AoC", "..\AoC\AoC.csproj", "{F12EDE65-84CD-4B4C-8429-29E5A61C93BB}"
EndProject
Project("{FAE04EC0-301F-11D3-BF4B-00C04F79EFBC}") = "Day 1", "Day 1\Day 1.csproj", "{AA0C75AB-4A90-4925-966C-BA848D8AEC31}"
EndProject
Project("{FAE04EC0-301F-11D3-BF4B-00C04F79EFBC}") = "IntcodeComputer", "IntcodeComputer\IntcodeComputer.csproj", "{9065427F-92BA-442C-BF4D-96B240FDD591}"
EndProject
Project("{FAE04EC0-301F-11D3-BF4B-00C04F79EFBC}") = "Day 2", "Day 2\Day 2.csproj", "{176C38DA-5994-4ED0-8D9F-9F5CEFC70BEB}"
EndProject
Project("{FAE04EC0-301F-11D3-BF4B-00C04F79EFBC}") = "Day 3", "Day 3\Day 3.csproj", "{739D015D-446F-433A-B1A7-C64D2AFD9935}"
EndProject
Global
	GlobalSection(SolutionConfigurationPlatforms) = preSolution
		Debug|Any CPU = Debug|Any CPU
		Release|Any CPU = Release|Any CPU
	EndGlobalSection
	GlobalSection(ProjectConfigurationPlatforms) = postSolution
		{F12EDE65-84CD-4B4C-8429-29E5A61C93BB}.Debug|Any CPU.ActiveCfg = Debug|Any CPU
		{F12EDE65-84CD-4B4C-8429-29E5A61C93BB}.Debug|Any CPU.Build.0 = Debug|Any CPU
		{F12EDE65-84CD-4B4C-8429-29E5A61C93BB}.Release|Any CPU.ActiveCfg = Release|Any CPU
		{F12EDE65-84CD-4B4C-8429-29E5A61C93BB}.Release|Any CPU.Build.0 = Release|Any CPU
		{AA0C75AB-4A90-4925-966C-BA848D8AEC31}.Debug|Any CPU.ActiveCfg = Debug|Any CPU
		{AA0C75AB-4A90-4925-966C-BA848D8AEC31}.Debug|Any CPU.Build.0 = Debug|Any CPU
		{AA0C75AB-4A90-4925-966C-BA848D8AEC31}.Release|Any CPU.ActiveCfg = Release|Any CPU
		{AA0C75AB-4A90-4925-966C-BA848D8AEC31}.Release|Any CPU.Build.0 = Release|Any CPU
		{9065427F-92BA-442C-BF4D-96B240FDD591}.Debug|Any CPU.ActiveCfg = Debug|Any CPU
		{9065427F-92BA-442C-BF4D-96B240FDD591}.Debug|Any CPU.Build.0 = Debug|Any CPU
		{9065427F-92BA-442C-BF4D-96B240FDD591}.Release|Any CPU.ActiveCfg = Release|Any CPU
		{9065427F-92BA-442C-BF4D-96B240FDD591}.Release|Any CPU.Build.0 = Release|Any CPU
		{176C38DA-5994-4ED0-8D9F-9F5CEFC70BEB}.Debug|Any CPU.ActiveCfg = Debug|Any CPU
		{176C38DA-5994-4ED0-8D9F-9F5CEFC70BEB}.Debug|Any CPU.Build.0 = Debug|Any CPU
		{176C38DA-5994-4ED0-8D9F-9F5CEFC70BEB}.Release|Any CPU.ActiveCfg = Release|Any CPU
		{176C38DA-5994-4ED0-8D9F-9F5CEFC70BEB}.Release|Any CPU.Build.0 = Release|Any CPU
		{739D015D-446F-433A-B1A7-C64D2AFD9935}.Debug|Any CPU.ActiveCfg = Debug|Any CPU
		{739D015D-446F-433A-B1A7-C64D2AFD9935}.Debug|Any CPU.Build.0 = Debug|Any CPU
		{739D015D-446F-433A-B1A7-C64D2AFD9935}.Release|Any CPU.ActiveCfg = Release|Any CPU
		{739D015D-446F-433A-B1A7-C64D2AFD9935}.Release|Any CPU.Build.0 = Release|Any CPU
	EndGlobalSection
	GlobalSection(SolutionProperties) = preSolution
		HideSolutionNode = FALSE
	EndGlobalSection
	GlobalSection(ExtensibilityGlobals) = postSolution
		SolutionGuid = {54C113E7-978A-4053-8F71-CA60BF832AB2}
	EndGlobalSection
EndGlobal
