
Microsoft Visual Studio Solution File, Format Version 12.00
# Visual Studio Version 17
VisualStudioVersion = 17.0.31903.59
MinimumVisualStudioVersion = 10.0.40219.1
Project("{9A19103F-16F7-4668-BE54-9A1E7A4F7556}") = "AoC", "..\AoC_DotNet6\AoC.csproj", "{3E1485C4-6C80-4D01-9480-CCC7BB98A985}"
EndProject
Project("{FAE04EC0-301F-11D3-BF4B-00C04F79EFBC}") = "Day1", "Day1\Day1.csproj", "{C988AFF9-4222-48AA-B3DC-E4F70C041B7F}"
EndProject
Project("{FAE04EC0-301F-11D3-BF4B-00C04F79EFBC}") = "Day2", "Day2\Day2.csproj", "{89D8DCF6-AE72-43C9-B842-5D5190292AF7}"
EndProject
Project("{FAE04EC0-301F-11D3-BF4B-00C04F79EFBC}") = "AoC2019Libraries", "IntcodeComputer\AoC2019Libraries.csproj", "{FD64FE58-481F-4DB5-9B31-7032F83CCB8A}"
EndProject
Global
	GlobalSection(SolutionConfigurationPlatforms) = preSolution
		Debug|Any CPU = Debug|Any CPU
		Release|Any CPU = Release|Any CPU
	EndGlobalSection
	GlobalSection(ProjectConfigurationPlatforms) = postSolution
		{3E1485C4-6C80-4D01-9480-CCC7BB98A985}.Debug|Any CPU.ActiveCfg = Debug|Any CPU
		{3E1485C4-6C80-4D01-9480-CCC7BB98A985}.Debug|Any CPU.Build.0 = Debug|Any CPU
		{3E1485C4-6C80-4D01-9480-CCC7BB98A985}.Release|Any CPU.ActiveCfg = Release|Any CPU
		{3E1485C4-6C80-4D01-9480-CCC7BB98A985}.Release|Any CPU.Build.0 = Release|Any CPU
		{C988AFF9-4222-48AA-B3DC-E4F70C041B7F}.Debug|Any CPU.ActiveCfg = Debug|Any CPU
		{C988AFF9-4222-48AA-B3DC-E4F70C041B7F}.Debug|Any CPU.Build.0 = Debug|Any CPU
		{C988AFF9-4222-48AA-B3DC-E4F70C041B7F}.Release|Any CPU.ActiveCfg = Release|Any CPU
		{C988AFF9-4222-48AA-B3DC-E4F70C041B7F}.Release|Any CPU.Build.0 = Release|Any CPU
		{89D8DCF6-AE72-43C9-B842-5D5190292AF7}.Debug|Any CPU.ActiveCfg = Debug|Any CPU
		{89D8DCF6-AE72-43C9-B842-5D5190292AF7}.Debug|Any CPU.Build.0 = Debug|Any CPU
		{89D8DCF6-AE72-43C9-B842-5D5190292AF7}.Release|Any CPU.ActiveCfg = Release|Any CPU
		{89D8DCF6-AE72-43C9-B842-5D5190292AF7}.Release|Any CPU.Build.0 = Release|Any CPU
		{FD64FE58-481F-4DB5-9B31-7032F83CCB8A}.Debug|Any CPU.ActiveCfg = Debug|Any CPU
		{FD64FE58-481F-4DB5-9B31-7032F83CCB8A}.Debug|Any CPU.Build.0 = Debug|Any CPU
		{FD64FE58-481F-4DB5-9B31-7032F83CCB8A}.Release|Any CPU.ActiveCfg = Release|Any CPU
		{FD64FE58-481F-4DB5-9B31-7032F83CCB8A}.Release|Any CPU.Build.0 = Release|Any CPU
	EndGlobalSection
	GlobalSection(SolutionProperties) = preSolution
		HideSolutionNode = FALSE
	EndGlobalSection
	GlobalSection(ExtensibilityGlobals) = postSolution
		SolutionGuid = {B1D963AE-E05F-490D-A76E-C10C528D16B3}
	EndGlobalSection
EndGlobal
