
Microsoft Visual Studio Solution File, Format Version 12.00
# Visual Studio Version 16
VisualStudioVersion = 16.0.30523.141
MinimumVisualStudioVersion = 10.0.40219.1
Project("{FAE04EC0-301F-11D3-BF4B-00C04F79EFBC}") = "AoC", "..\AoC\AoC.csproj", "{F12EDE65-84CD-4B4C-8429-29E5A61C93BB}"
EndProject
Project("{FAE04EC0-301F-11D3-BF4B-00C04F79EFBC}") = "Day 1", "Day 1\Day 1.csproj", "{AA0C75AB-4A90-4925-966C-BA848D8AEC31}"
EndProject
Project("{FAE04EC0-301F-11D3-BF4B-00C04F79EFBC}") = "IntcodeComputer", "IntcodeComputer\IntcodeComputer.csproj", "{9065427F-92BA-442C-BF4D-96B240FDD591}"
EndProject
Project("{FAE04EC0-301F-11D3-BF4B-00C04F79EFBC}") = "Day 2", "Day 2\Day 2.csproj", "{176C38DA-5994-4ED0-8D9F-9F5CEFC70BEB}"
EndProject
Project("{FAE04EC0-301F-11D3-BF4B-00C04F79EFBC}") = "Day 3", "Day 3\Day 3.csproj", "{942DB91E-93AF-4485-90FA-522A10BB8B00}"
EndProject
Project("{FAE04EC0-301F-11D3-BF4B-00C04F79EFBC}") = "Day 4", "Day 4\Day 4.csproj", "{3CD5594A-B081-4C7F-BB59-EE21D7F3112D}"
EndProject
Project("{FAE04EC0-301F-11D3-BF4B-00C04F79EFBC}") = "Day 5", "Day 5\Day 5.csproj", "{628F2156-DE4B-4327-A246-2D4B8F921607}"
EndProject
Project("{FAE04EC0-301F-11D3-BF4B-00C04F79EFBC}") = "Day 6", "Day 6\Day 6.csproj", "{3838F46E-BB74-4481-84CA-253C316247FA}"
EndProject
Project("{FAE04EC0-301F-11D3-BF4B-00C04F79EFBC}") = "Day 7", "Day 7\Day 7.csproj", "{8EFDDDB2-2845-4AD5-86B5-2157001E06B3}"
EndProject
Project("{FAE04EC0-301F-11D3-BF4B-00C04F79EFBC}") = "Day 8", "Day 8\Day 8.csproj", "{4B644260-735A-4EF4-A081-36265668329B}"
EndProject
Project("{FAE04EC0-301F-11D3-BF4B-00C04F79EFBC}") = "Day 9", "Day 9\Day 9.csproj", "{BACFD136-1C63-4ACA-B107-A9D294592144}"
EndProject
Project("{FAE04EC0-301F-11D3-BF4B-00C04F79EFBC}") = "Day 10", "Day 10\Day 10.csproj", "{0ECA1FC9-A3D0-486A-884B-A7BEF94DC48D}"
EndProject
Global
	GlobalSection(SolutionConfigurationPlatforms) = preSolution
		Debug|Any CPU = Debug|Any CPU
		Release|Any CPU = Release|Any CPU
	EndGlobalSection
	GlobalSection(ProjectConfigurationPlatforms) = postSolution
		{F12EDE65-84CD-4B4C-8429-29E5A61C93BB}.Debug|Any CPU.ActiveCfg = Debug|Any CPU
		{F12EDE65-84CD-4B4C-8429-29E5A61C93BB}.Debug|Any CPU.Build.0 = Debug|Any CPU
		{F12EDE65-84CD-4B4C-8429-29E5A61C93BB}.Release|Any CPU.ActiveCfg = Release|Any CPU
		{F12EDE65-84CD-4B4C-8429-29E5A61C93BB}.Release|Any CPU.Build.0 = Release|Any CPU
		{AA0C75AB-4A90-4925-966C-BA848D8AEC31}.Debug|Any CPU.ActiveCfg = Debug|Any CPU
		{AA0C75AB-4A90-4925-966C-BA848D8AEC31}.Debug|Any CPU.Build.0 = Debug|Any CPU
		{AA0C75AB-4A90-4925-966C-BA848D8AEC31}.Release|Any CPU.ActiveCfg = Release|Any CPU
		{AA0C75AB-4A90-4925-966C-BA848D8AEC31}.Release|Any CPU.Build.0 = Release|Any CPU
		{9065427F-92BA-442C-BF4D-96B240FDD591}.Debug|Any CPU.ActiveCfg = Debug|Any CPU
		{9065427F-92BA-442C-BF4D-96B240FDD591}.Debug|Any CPU.Build.0 = Debug|Any CPU
		{9065427F-92BA-442C-BF4D-96B240FDD591}.Release|Any CPU.ActiveCfg = Release|Any CPU
		{9065427F-92BA-442C-BF4D-96B240FDD591}.Release|Any CPU.Build.0 = Release|Any CPU
		{176C38DA-5994-4ED0-8D9F-9F5CEFC70BEB}.Debug|Any CPU.ActiveCfg = Debug|Any CPU
		{176C38DA-5994-4ED0-8D9F-9F5CEFC70BEB}.Debug|Any CPU.Build.0 = Debug|Any CPU
		{176C38DA-5994-4ED0-8D9F-9F5CEFC70BEB}.Release|Any CPU.ActiveCfg = Release|Any CPU
		{176C38DA-5994-4ED0-8D9F-9F5CEFC70BEB}.Release|Any CPU.Build.0 = Release|Any CPU
		{942DB91E-93AF-4485-90FA-522A10BB8B00}.Debug|Any CPU.ActiveCfg = Debug|Any CPU
		{942DB91E-93AF-4485-90FA-522A10BB8B00}.Debug|Any CPU.Build.0 = Debug|Any CPU
		{942DB91E-93AF-4485-90FA-522A10BB8B00}.Release|Any CPU.ActiveCfg = Release|Any CPU
		{942DB91E-93AF-4485-90FA-522A10BB8B00}.Release|Any CPU.Build.0 = Release|Any CPU
		{3CD5594A-B081-4C7F-BB59-EE21D7F3112D}.Debug|Any CPU.ActiveCfg = Debug|Any CPU
		{3CD5594A-B081-4C7F-BB59-EE21D7F3112D}.Debug|Any CPU.Build.0 = Debug|Any CPU
		{3CD5594A-B081-4C7F-BB59-EE21D7F3112D}.Release|Any CPU.ActiveCfg = Release|Any CPU
		{3CD5594A-B081-4C7F-BB59-EE21D7F3112D}.Release|Any CPU.Build.0 = Release|Any CPU
		{628F2156-DE4B-4327-A246-2D4B8F921607}.Debug|Any CPU.ActiveCfg = Debug|Any CPU
		{628F2156-DE4B-4327-A246-2D4B8F921607}.Debug|Any CPU.Build.0 = Debug|Any CPU
		{628F2156-DE4B-4327-A246-2D4B8F921607}.Release|Any CPU.ActiveCfg = Release|Any CPU
		{628F2156-DE4B-4327-A246-2D4B8F921607}.Release|Any CPU.Build.0 = Release|Any CPU
		{3838F46E-BB74-4481-84CA-253C316247FA}.Debug|Any CPU.ActiveCfg = Debug|Any CPU
		{3838F46E-BB74-4481-84CA-253C316247FA}.Debug|Any CPU.Build.0 = Debug|Any CPU
		{3838F46E-BB74-4481-84CA-253C316247FA}.Release|Any CPU.ActiveCfg = Release|Any CPU
		{3838F46E-BB74-4481-84CA-253C316247FA}.Release|Any CPU.Build.0 = Release|Any CPU
		{8EFDDDB2-2845-4AD5-86B5-2157001E06B3}.Debug|Any CPU.ActiveCfg = Debug|Any CPU
		{8EFDDDB2-2845-4AD5-86B5-2157001E06B3}.Debug|Any CPU.Build.0 = Debug|Any CPU
		{8EFDDDB2-2845-4AD5-86B5-2157001E06B3}.Release|Any CPU.ActiveCfg = Release|Any CPU
		{8EFDDDB2-2845-4AD5-86B5-2157001E06B3}.Release|Any CPU.Build.0 = Release|Any CPU
		{4B644260-735A-4EF4-A081-36265668329B}.Debug|Any CPU.ActiveCfg = Debug|Any CPU
		{4B644260-735A-4EF4-A081-36265668329B}.Debug|Any CPU.Build.0 = Debug|Any CPU
		{4B644260-735A-4EF4-A081-36265668329B}.Release|Any CPU.ActiveCfg = Release|Any CPU
		{4B644260-735A-4EF4-A081-36265668329B}.Release|Any CPU.Build.0 = Release|Any CPU
		{BACFD136-1C63-4ACA-B107-A9D294592144}.Debug|Any CPU.ActiveCfg = Debug|Any CPU
		{BACFD136-1C63-4ACA-B107-A9D294592144}.Debug|Any CPU.Build.0 = Debug|Any CPU
		{BACFD136-1C63-4ACA-B107-A9D294592144}.Release|Any CPU.ActiveCfg = Release|Any CPU
		{BACFD136-1C63-4ACA-B107-A9D294592144}.Release|Any CPU.Build.0 = Release|Any CPU
		{0ECA1FC9-A3D0-486A-884B-A7BEF94DC48D}.Debug|Any CPU.ActiveCfg = Debug|Any CPU
		{0ECA1FC9-A3D0-486A-884B-A7BEF94DC48D}.Debug|Any CPU.Build.0 = Debug|Any CPU
		{0ECA1FC9-A3D0-486A-884B-A7BEF94DC48D}.Release|Any CPU.ActiveCfg = Release|Any CPU
		{0ECA1FC9-A3D0-486A-884B-A7BEF94DC48D}.Release|Any CPU.Build.0 = Release|Any CPU
	EndGlobalSection
	GlobalSection(SolutionProperties) = preSolution
		HideSolutionNode = FALSE
	EndGlobalSection
	GlobalSection(ExtensibilityGlobals) = postSolution
		SolutionGuid = {54C113E7-978A-4053-8F71-CA60BF832AB2}
	EndGlobalSection
EndGlobal
