
Microsoft Visual Studio Solution File, Format Version 12.00
# Visual Studio Version 17
VisualStudioVersion = 17.4.33122.133
MinimumVisualStudioVersion = 10.0.40219.1
Project("{9A19103F-16F7-4668-BE54-9A1E7A4F7556}") = "Day1", "Day1\Day1.csproj", "{DF72071D-6F60-482B-AF86-FA1B54C05BAA}"
EndProject
Project("{9A19103F-16F7-4668-BE54-9A1E7A4F7556}") = "Day2", "Day2\Day2.csproj", "{8C666FCC-5A30-4617-801F-9680E28AE8D1}"
EndProject
Project("{9A19103F-16F7-4668-BE54-9A1E7A4F7556}") = "Day3", "Day3\Day3.csproj", "{9CACAF6E-36D9-474D-AED3-98EBA7E45389}"
EndProject
Project("{9A19103F-16F7-4668-BE54-9A1E7A4F7556}") = "Day4", "Day4\Day4.csproj", "{3323D154-15E0-4EB6-9390-3D3885F91DD0}"
EndProject
Project("{9A19103F-16F7-4668-BE54-9A1E7A4F7556}") = "Day5", "Day5\Day5.csproj", "{5C1073DE-FD3B-48DC-845F-6B555BE7BD43}"
EndProject
Project("{9A19103F-16F7-4668-BE54-9A1E7A4F7556}") = "Day6", "Day6\Day6.csproj", "{ADDCD32A-AFFE-4898-898A-284B3388103B}"
EndProject
Project("{9A19103F-16F7-4668-BE54-9A1E7A4F7556}") = "Day7", "Day7\Day7.csproj", "{00701942-BFBA-4E1F-8E25-1CEFD5789303}"
EndProject
Project("{9A19103F-16F7-4668-BE54-9A1E7A4F7556}") = "Day8", "Day8\Day8.csproj", "{2BFDA51B-90F3-4D4F-B56D-E71C0632712E}"
EndProject
Project("{9A19103F-16F7-4668-BE54-9A1E7A4F7556}") = "Day9", "Day9\Day9.csproj", "{08894370-0C13-48AC-ABA4-A1D74C25A18F}"
EndProject
Project("{9A19103F-16F7-4668-BE54-9A1E7A4F7556}") = "Day10", "Day10\Day10.csproj", "{112787F8-0F92-4448-B902-44EE77877337}"
EndProject
Project("{9A19103F-16F7-4668-BE54-9A1E7A4F7556}") = "Day11", "Day11\Day11.csproj", "{952F47E3-4553-4226-B2BD-B36FAD8C692F}"
EndProject
Project("{9A19103F-16F7-4668-BE54-9A1E7A4F7556}") = "Day12", "Day12\Day12.csproj", "{263DF2B2-86AE-4D5D-99A9-45BABC0437E8}"
EndProject
Project("{9A19103F-16F7-4668-BE54-9A1E7A4F7556}") = "Day13", "Day13\Day13.csproj", "{6F3E1E70-C070-4166-8CFB-D19943040366}"
EndProject
Project("{9A19103F-16F7-4668-BE54-9A1E7A4F7556}") = "Day14", "Day14\Day14.csproj", "{0506B295-5A94-4EE6-AB33-2242ADABF98E}"
EndProject
Project("{9A19103F-16F7-4668-BE54-9A1E7A4F7556}") = "AoC", "..\AoC_DotNet6\AoC.csproj", "{0A497531-30A8-4219-960E-F1502B64F1E9}"
EndProject
Global
	GlobalSection(SolutionConfigurationPlatforms) = preSolution
		Debug|Any CPU = Debug|Any CPU
		Release|Any CPU = Release|Any CPU
	EndGlobalSection
	GlobalSection(ProjectConfigurationPlatforms) = postSolution
		{DF72071D-6F60-482B-AF86-FA1B54C05BAA}.Debug|Any CPU.ActiveCfg = Debug|Any CPU
		{DF72071D-6F60-482B-AF86-FA1B54C05BAA}.Debug|Any CPU.Build.0 = Debug|Any CPU
		{DF72071D-6F60-482B-AF86-FA1B54C05BAA}.Release|Any CPU.ActiveCfg = Release|Any CPU
		{DF72071D-6F60-482B-AF86-FA1B54C05BAA}.Release|Any CPU.Build.0 = Release|Any CPU
		{8C666FCC-5A30-4617-801F-9680E28AE8D1}.Debug|Any CPU.ActiveCfg = Debug|Any CPU
		{8C666FCC-5A30-4617-801F-9680E28AE8D1}.Debug|Any CPU.Build.0 = Debug|Any CPU
		{8C666FCC-5A30-4617-801F-9680E28AE8D1}.Release|Any CPU.ActiveCfg = Release|Any CPU
		{8C666FCC-5A30-4617-801F-9680E28AE8D1}.Release|Any CPU.Build.0 = Release|Any CPU
		{9CACAF6E-36D9-474D-AED3-98EBA7E45389}.Debug|Any CPU.ActiveCfg = Debug|Any CPU
		{9CACAF6E-36D9-474D-AED3-98EBA7E45389}.Debug|Any CPU.Build.0 = Debug|Any CPU
		{9CACAF6E-36D9-474D-AED3-98EBA7E45389}.Release|Any CPU.ActiveCfg = Release|Any CPU
		{9CACAF6E-36D9-474D-AED3-98EBA7E45389}.Release|Any CPU.Build.0 = Release|Any CPU
		{3323D154-15E0-4EB6-9390-3D3885F91DD0}.Debug|Any CPU.ActiveCfg = Debug|Any CPU
		{3323D154-15E0-4EB6-9390-3D3885F91DD0}.Debug|Any CPU.Build.0 = Debug|Any CPU
		{3323D154-15E0-4EB6-9390-3D3885F91DD0}.Release|Any CPU.ActiveCfg = Release|Any CPU
		{3323D154-15E0-4EB6-9390-3D3885F91DD0}.Release|Any CPU.Build.0 = Release|Any CPU
		{5C1073DE-FD3B-48DC-845F-6B555BE7BD43}.Debug|Any CPU.ActiveCfg = Debug|Any CPU
		{5C1073DE-FD3B-48DC-845F-6B555BE7BD43}.Debug|Any CPU.Build.0 = Debug|Any CPU
		{5C1073DE-FD3B-48DC-845F-6B555BE7BD43}.Release|Any CPU.ActiveCfg = Release|Any CPU
		{5C1073DE-FD3B-48DC-845F-6B555BE7BD43}.Release|Any CPU.Build.0 = Release|Any CPU
		{ADDCD32A-AFFE-4898-898A-284B3388103B}.Debug|Any CPU.ActiveCfg = Debug|Any CPU
		{ADDCD32A-AFFE-4898-898A-284B3388103B}.Debug|Any CPU.Build.0 = Debug|Any CPU
		{ADDCD32A-AFFE-4898-898A-284B3388103B}.Release|Any CPU.ActiveCfg = Release|Any CPU
		{ADDCD32A-AFFE-4898-898A-284B3388103B}.Release|Any CPU.Build.0 = Release|Any CPU
		{00701942-BFBA-4E1F-8E25-1CEFD5789303}.Debug|Any CPU.ActiveCfg = Debug|Any CPU
		{00701942-BFBA-4E1F-8E25-1CEFD5789303}.Debug|Any CPU.Build.0 = Debug|Any CPU
		{00701942-BFBA-4E1F-8E25-1CEFD5789303}.Release|Any CPU.ActiveCfg = Release|Any CPU
		{00701942-BFBA-4E1F-8E25-1CEFD5789303}.Release|Any CPU.Build.0 = Release|Any CPU
		{2BFDA51B-90F3-4D4F-B56D-E71C0632712E}.Debug|Any CPU.ActiveCfg = Debug|Any CPU
		{2BFDA51B-90F3-4D4F-B56D-E71C0632712E}.Debug|Any CPU.Build.0 = Debug|Any CPU
		{2BFDA51B-90F3-4D4F-B56D-E71C0632712E}.Release|Any CPU.ActiveCfg = Release|Any CPU
		{2BFDA51B-90F3-4D4F-B56D-E71C0632712E}.Release|Any CPU.Build.0 = Release|Any CPU
		{08894370-0C13-48AC-ABA4-A1D74C25A18F}.Debug|Any CPU.ActiveCfg = Debug|Any CPU
		{08894370-0C13-48AC-ABA4-A1D74C25A18F}.Debug|Any CPU.Build.0 = Debug|Any CPU
		{08894370-0C13-48AC-ABA4-A1D74C25A18F}.Release|Any CPU.ActiveCfg = Release|Any CPU
		{08894370-0C13-48AC-ABA4-A1D74C25A18F}.Release|Any CPU.Build.0 = Release|Any CPU
		{112787F8-0F92-4448-B902-44EE77877337}.Debug|Any CPU.ActiveCfg = Debug|Any CPU
		{112787F8-0F92-4448-B902-44EE77877337}.Debug|Any CPU.Build.0 = Debug|Any CPU
		{112787F8-0F92-4448-B902-44EE77877337}.Release|Any CPU.ActiveCfg = Release|Any CPU
		{112787F8-0F92-4448-B902-44EE77877337}.Release|Any CPU.Build.0 = Release|Any CPU
		{952F47E3-4553-4226-B2BD-B36FAD8C692F}.Debug|Any CPU.ActiveCfg = Debug|Any CPU
		{952F47E3-4553-4226-B2BD-B36FAD8C692F}.Debug|Any CPU.Build.0 = Debug|Any CPU
		{952F47E3-4553-4226-B2BD-B36FAD8C692F}.Release|Any CPU.ActiveCfg = Release|Any CPU
		{952F47E3-4553-4226-B2BD-B36FAD8C692F}.Release|Any CPU.Build.0 = Release|Any CPU
		{263DF2B2-86AE-4D5D-99A9-45BABC0437E8}.Debug|Any CPU.ActiveCfg = Debug|Any CPU
		{263DF2B2-86AE-4D5D-99A9-45BABC0437E8}.Debug|Any CPU.Build.0 = Debug|Any CPU
		{263DF2B2-86AE-4D5D-99A9-45BABC0437E8}.Release|Any CPU.ActiveCfg = Release|Any CPU
		{263DF2B2-86AE-4D5D-99A9-45BABC0437E8}.Release|Any CPU.Build.0 = Release|Any CPU
		{6F3E1E70-C070-4166-8CFB-D19943040366}.Debug|Any CPU.ActiveCfg = Debug|Any CPU
		{6F3E1E70-C070-4166-8CFB-D19943040366}.Debug|Any CPU.Build.0 = Debug|Any CPU
		{6F3E1E70-C070-4166-8CFB-D19943040366}.Release|Any CPU.ActiveCfg = Release|Any CPU
		{6F3E1E70-C070-4166-8CFB-D19943040366}.Release|Any CPU.Build.0 = Release|Any CPU
		{0506B295-5A94-4EE6-AB33-2242ADABF98E}.Debug|Any CPU.ActiveCfg = Debug|Any CPU
		{0506B295-5A94-4EE6-AB33-2242ADABF98E}.Debug|Any CPU.Build.0 = Debug|Any CPU
		{0506B295-5A94-4EE6-AB33-2242ADABF98E}.Release|Any CPU.ActiveCfg = Release|Any CPU
		{0506B295-5A94-4EE6-AB33-2242ADABF98E}.Release|Any CPU.Build.0 = Release|Any CPU
		{0A497531-30A8-4219-960E-F1502B64F1E9}.Debug|Any CPU.ActiveCfg = Debug|Any CPU
		{0A497531-30A8-4219-960E-F1502B64F1E9}.Debug|Any CPU.Build.0 = Debug|Any CPU
		{0A497531-30A8-4219-960E-F1502B64F1E9}.Release|Any CPU.ActiveCfg = Release|Any CPU
		{0A497531-30A8-4219-960E-F1502B64F1E9}.Release|Any CPU.Build.0 = Release|Any CPU
	EndGlobalSection
	GlobalSection(SolutionProperties) = preSolution
		HideSolutionNode = FALSE
	EndGlobalSection
	GlobalSection(ExtensibilityGlobals) = postSolution
		SolutionGuid = {F96AA230-F7D6-459C-8EE2-318E21D26E48}
	EndGlobalSection
EndGlobal
