
Microsoft Visual Studio Solution File, Format Version 12.00
# Visual Studio Version 16
VisualStudioVersion = 16.0.31729.503
MinimumVisualStudioVersion = 10.0.40219.1
Project("{FAE04EC0-301F-11D3-BF4B-00C04F79EFBC}") = "Day1", "Day1\Day1.csproj", "{9D1FEC7C-A941-4264-B6F9-6C2F11B00514}"
EndProject
Project("{FAE04EC0-301F-11D3-BF4B-00C04F79EFBC}") = "AoC", "..\AoC\AoC.csproj", "{F12EDE65-84CD-4B4C-8429-29E5A61C93BB}"
EndProject
Project("{FAE04EC0-301F-11D3-BF4B-00C04F79EFBC}") = "Day2", "Day2\Day2.csproj", "{2A8D342E-3DC6-469F-AA3B-549662E9045E}"
EndProject
Project("{FAE04EC0-301F-11D3-BF4B-00C04F79EFBC}") = "Day3", "Day3\Day3.csproj", "{20C0073A-D0A5-4AF3-8131-774637ADB4D0}"
EndProject
Project("{FAE04EC0-301F-11D3-BF4B-00C04F79EFBC}") = "Day4", "Day4\Day4.csproj", "{83D6EA1C-DB97-48CD-9A0B-DEA0F50A89A3}"
EndProject
Project("{FAE04EC0-301F-11D3-BF4B-00C04F79EFBC}") = "Day5", "Day5\Day5.csproj", "{7AC1708F-589F-4613-90F1-8E15E32DB1E9}"
EndProject
Project("{FAE04EC0-301F-11D3-BF4B-00C04F79EFBC}") = "Day6", "Day6\Day6.csproj", "{7F5E82DC-24D5-45D7-B77C-D2E33B33048C}"
EndProject
Project("{FAE04EC0-301F-11D3-BF4B-00C04F79EFBC}") = "Day7", "Day7\Day7.csproj", "{FFC84F9E-4C93-4D61-8059-16DB64BB3E17}"
EndProject
Project("{FAE04EC0-301F-11D3-BF4B-00C04F79EFBC}") = "Day8", "Day8\Day8.csproj", "{9C7C4B8F-92A9-4BC1-8C7C-C550DBDB072D}"
EndProject
Project("{FAE04EC0-301F-11D3-BF4B-00C04F79EFBC}") = "Day9", "Day9\Day9.csproj", "{E7B809C9-70D8-468B-ADCF-21240F6B0E4A}"
EndProject
Global
	GlobalSection(SolutionConfigurationPlatforms) = preSolution
		Debug|Any CPU = Debug|Any CPU
		Release|Any CPU = Release|Any CPU
	EndGlobalSection
	GlobalSection(ProjectConfigurationPlatforms) = postSolution
		{9D1FEC7C-A941-4264-B6F9-6C2F11B00514}.Debug|Any CPU.ActiveCfg = Debug|Any CPU
		{9D1FEC7C-A941-4264-B6F9-6C2F11B00514}.Debug|Any CPU.Build.0 = Debug|Any CPU
		{9D1FEC7C-A941-4264-B6F9-6C2F11B00514}.Release|Any CPU.ActiveCfg = Release|Any CPU
		{9D1FEC7C-A941-4264-B6F9-6C2F11B00514}.Release|Any CPU.Build.0 = Release|Any CPU
		{F12EDE65-84CD-4B4C-8429-29E5A61C93BB}.Debug|Any CPU.ActiveCfg = Debug|Any CPU
		{F12EDE65-84CD-4B4C-8429-29E5A61C93BB}.Debug|Any CPU.Build.0 = Debug|Any CPU
		{F12EDE65-84CD-4B4C-8429-29E5A61C93BB}.Release|Any CPU.ActiveCfg = Release|Any CPU
		{F12EDE65-84CD-4B4C-8429-29E5A61C93BB}.Release|Any CPU.Build.0 = Release|Any CPU
		{2A8D342E-3DC6-469F-AA3B-549662E9045E}.Debug|Any CPU.ActiveCfg = Debug|Any CPU
		{2A8D342E-3DC6-469F-AA3B-549662E9045E}.Debug|Any CPU.Build.0 = Debug|Any CPU
		{2A8D342E-3DC6-469F-AA3B-549662E9045E}.Release|Any CPU.ActiveCfg = Release|Any CPU
		{2A8D342E-3DC6-469F-AA3B-549662E9045E}.Release|Any CPU.Build.0 = Release|Any CPU
		{20C0073A-D0A5-4AF3-8131-774637ADB4D0}.Debug|Any CPU.ActiveCfg = Debug|Any CPU
		{20C0073A-D0A5-4AF3-8131-774637ADB4D0}.Debug|Any CPU.Build.0 = Debug|Any CPU
		{20C0073A-D0A5-4AF3-8131-774637ADB4D0}.Release|Any CPU.ActiveCfg = Release|Any CPU
		{20C0073A-D0A5-4AF3-8131-774637ADB4D0}.Release|Any CPU.Build.0 = Release|Any CPU
		{83D6EA1C-DB97-48CD-9A0B-DEA0F50A89A3}.Debug|Any CPU.ActiveCfg = Debug|Any CPU
		{83D6EA1C-DB97-48CD-9A0B-DEA0F50A89A3}.Debug|Any CPU.Build.0 = Debug|Any CPU
		{83D6EA1C-DB97-48CD-9A0B-DEA0F50A89A3}.Release|Any CPU.ActiveCfg = Release|Any CPU
		{83D6EA1C-DB97-48CD-9A0B-DEA0F50A89A3}.Release|Any CPU.Build.0 = Release|Any CPU
		{7AC1708F-589F-4613-90F1-8E15E32DB1E9}.Debug|Any CPU.ActiveCfg = Debug|Any CPU
		{7AC1708F-589F-4613-90F1-8E15E32DB1E9}.Debug|Any CPU.Build.0 = Debug|Any CPU
		{7AC1708F-589F-4613-90F1-8E15E32DB1E9}.Release|Any CPU.ActiveCfg = Release|Any CPU
		{7AC1708F-589F-4613-90F1-8E15E32DB1E9}.Release|Any CPU.Build.0 = Release|Any CPU
		{7F5E82DC-24D5-45D7-B77C-D2E33B33048C}.Debug|Any CPU.ActiveCfg = Debug|Any CPU
		{7F5E82DC-24D5-45D7-B77C-D2E33B33048C}.Debug|Any CPU.Build.0 = Debug|Any CPU
		{7F5E82DC-24D5-45D7-B77C-D2E33B33048C}.Release|Any CPU.ActiveCfg = Release|Any CPU
		{7F5E82DC-24D5-45D7-B77C-D2E33B33048C}.Release|Any CPU.Build.0 = Release|Any CPU
		{FFC84F9E-4C93-4D61-8059-16DB64BB3E17}.Debug|Any CPU.ActiveCfg = Debug|Any CPU
		{FFC84F9E-4C93-4D61-8059-16DB64BB3E17}.Debug|Any CPU.Build.0 = Debug|Any CPU
		{FFC84F9E-4C93-4D61-8059-16DB64BB3E17}.Release|Any CPU.ActiveCfg = Release|Any CPU
		{FFC84F9E-4C93-4D61-8059-16DB64BB3E17}.Release|Any CPU.Build.0 = Release|Any CPU
		{9C7C4B8F-92A9-4BC1-8C7C-C550DBDB072D}.Debug|Any CPU.ActiveCfg = Debug|Any CPU
		{9C7C4B8F-92A9-4BC1-8C7C-C550DBDB072D}.Debug|Any CPU.Build.0 = Debug|Any CPU
		{9C7C4B8F-92A9-4BC1-8C7C-C550DBDB072D}.Release|Any CPU.ActiveCfg = Release|Any CPU
		{9C7C4B8F-92A9-4BC1-8C7C-C550DBDB072D}.Release|Any CPU.Build.0 = Release|Any CPU
		{E7B809C9-70D8-468B-ADCF-21240F6B0E4A}.Debug|Any CPU.ActiveCfg = Debug|Any CPU
		{E7B809C9-70D8-468B-ADCF-21240F6B0E4A}.Debug|Any CPU.Build.0 = Debug|Any CPU
		{E7B809C9-70D8-468B-ADCF-21240F6B0E4A}.Release|Any CPU.ActiveCfg = Release|Any CPU
		{E7B809C9-70D8-468B-ADCF-21240F6B0E4A}.Release|Any CPU.Build.0 = Release|Any CPU
	EndGlobalSection
	GlobalSection(SolutionProperties) = preSolution
		HideSolutionNode = FALSE
	EndGlobalSection
	GlobalSection(ExtensibilityGlobals) = postSolution
		SolutionGuid = {067412A5-4E2E-4E5A-A1B2-2AE837C95B10}
	EndGlobalSection
EndGlobal
