
Microsoft Visual Studio Solution File, Format Version 12.00
# Visual Studio Version 17
VisualStudioVersion = 17.0.31903.59
MinimumVisualStudioVersion = 10.0.40219.1
Project("{FAE04EC0-301F-11D3-BF4B-00C04F79EFBC}") = "AoC", "..\AoC_DotNet6\AoC.csproj", "{BB8172E0-1945-45DD-B2C7-D4951E265613}"
EndProject
Project("{FAE04EC0-301F-11D3-BF4B-00C04F79EFBC}") = "Day1", "Day1\Day1.csproj", "{1F65F738-F02F-4D78-82F3-975AF1D0D974}"
EndProject
Project("{FAE04EC0-301F-11D3-BF4B-00C04F79EFBC}") = "Day2", "Day2\Day2.csproj", "{B51C96DB-2E9C-4123-AC04-4BDA1723290B}"
EndProject
Project("{FAE04EC0-301F-11D3-BF4B-00C04F79EFBC}") = "Day3", "Day3\Day3.csproj", "{29A615C6-73F3-444E-91DF-EEE7CA08406F}"
EndProject
Project("{FAE04EC0-301F-11D3-BF4B-00C04F79EFBC}") = "Day4", "Day4\Day4.csproj", "{1FA81403-258D-41A5-BB4A-4DF51EBDCD3C}"
EndProject
Project("{FAE04EC0-301F-11D3-BF4B-00C04F79EFBC}") = "Day5", "Day5\Day5.csproj", "{08469266-CF82-4D83-9D23-9B08C11FE2EB}"
EndProject
Project("{FAE04EC0-301F-11D3-BF4B-00C04F79EFBC}") = "Day6", "Day6\Day6.csproj", "{16586258-ED1F-4695-ADBC-AF6CCC2D1668}"
EndProject
Project("{FAE04EC0-301F-11D3-BF4B-00C04F79EFBC}") = "Day7", "Day7\Day7.csproj", "{D9E33D0C-8EBE-4AB0-ACAD-4F4C8481AC65}"
EndProject
Project("{FAE04EC0-301F-11D3-BF4B-00C04F79EFBC}") = "Day8", "Day8\Day8.csproj", "{7E9D352E-A310-41F2-8248-38427E5BAA3B}"
EndProject
Project("{FAE04EC0-301F-11D3-BF4B-00C04F79EFBC}") = "Day9", "Day9\Day9.csproj", "{32F4F260-40EB-4A8F-8E1C-5C500949FA33}"
EndProject
Project("{FAE04EC0-301F-11D3-BF4B-00C04F79EFBC}") = "Day10", "Day10\Day10.csproj", "{697D4B27-19C1-4019-9BB3-3249EA788F71}"
EndProject
Project("{FAE04EC0-301F-11D3-BF4B-00C04F79EFBC}") = "Day11", "Day11\Day11.csproj", "{BB9BBFC2-07F0-480C-AA45-708C4C50714B}"
EndProject
Project("{FAE04EC0-301F-11D3-BF4B-00C04F79EFBC}") = "Day12", "Day12\Day12.csproj", "{E5B02DFA-4FDE-43A4-98B7-8559CE4432F1}"
EndProject
Global
	GlobalSection(SolutionConfigurationPlatforms) = preSolution
		Debug|Any CPU = Debug|Any CPU
		Release|Any CPU = Release|Any CPU
	EndGlobalSection
	GlobalSection(ProjectConfigurationPlatforms) = postSolution
		{BB8172E0-1945-45DD-B2C7-D4951E265613}.Debug|Any CPU.ActiveCfg = Debug|Any CPU
		{BB8172E0-1945-45DD-B2C7-D4951E265613}.Debug|Any CPU.Build.0 = Debug|Any CPU
		{BB8172E0-1945-45DD-B2C7-D4951E265613}.Release|Any CPU.ActiveCfg = Release|Any CPU
		{BB8172E0-1945-45DD-B2C7-D4951E265613}.Release|Any CPU.Build.0 = Release|Any CPU
		{1F65F738-F02F-4D78-82F3-975AF1D0D974}.Debug|Any CPU.ActiveCfg = Debug|Any CPU
		{1F65F738-F02F-4D78-82F3-975AF1D0D974}.Debug|Any CPU.Build.0 = Debug|Any CPU
		{1F65F738-F02F-4D78-82F3-975AF1D0D974}.Release|Any CPU.ActiveCfg = Release|Any CPU
		{1F65F738-F02F-4D78-82F3-975AF1D0D974}.Release|Any CPU.Build.0 = Release|Any CPU
		{B51C96DB-2E9C-4123-AC04-4BDA1723290B}.Debug|Any CPU.ActiveCfg = Debug|Any CPU
		{B51C96DB-2E9C-4123-AC04-4BDA1723290B}.Debug|Any CPU.Build.0 = Debug|Any CPU
		{B51C96DB-2E9C-4123-AC04-4BDA1723290B}.Release|Any CPU.ActiveCfg = Release|Any CPU
		{B51C96DB-2E9C-4123-AC04-4BDA1723290B}.Release|Any CPU.Build.0 = Release|Any CPU
		{29A615C6-73F3-444E-91DF-EEE7CA08406F}.Debug|Any CPU.ActiveCfg = Debug|Any CPU
		{29A615C6-73F3-444E-91DF-EEE7CA08406F}.Debug|Any CPU.Build.0 = Debug|Any CPU
		{29A615C6-73F3-444E-91DF-EEE7CA08406F}.Release|Any CPU.ActiveCfg = Release|Any CPU
		{29A615C6-73F3-444E-91DF-EEE7CA08406F}.Release|Any CPU.Build.0 = Release|Any CPU
		{1FA81403-258D-41A5-BB4A-4DF51EBDCD3C}.Debug|Any CPU.ActiveCfg = Debug|Any CPU
		{1FA81403-258D-41A5-BB4A-4DF51EBDCD3C}.Debug|Any CPU.Build.0 = Debug|Any CPU
		{1FA81403-258D-41A5-BB4A-4DF51EBDCD3C}.Release|Any CPU.ActiveCfg = Release|Any CPU
		{1FA81403-258D-41A5-BB4A-4DF51EBDCD3C}.Release|Any CPU.Build.0 = Release|Any CPU
		{08469266-CF82-4D83-9D23-9B08C11FE2EB}.Debug|Any CPU.ActiveCfg = Debug|Any CPU
		{08469266-CF82-4D83-9D23-9B08C11FE2EB}.Debug|Any CPU.Build.0 = Debug|Any CPU
		{08469266-CF82-4D83-9D23-9B08C11FE2EB}.Release|Any CPU.ActiveCfg = Release|Any CPU
		{08469266-CF82-4D83-9D23-9B08C11FE2EB}.Release|Any CPU.Build.0 = Release|Any CPU
		{16586258-ED1F-4695-ADBC-AF6CCC2D1668}.Debug|Any CPU.ActiveCfg = Debug|Any CPU
		{16586258-ED1F-4695-ADBC-AF6CCC2D1668}.Debug|Any CPU.Build.0 = Debug|Any CPU
		{16586258-ED1F-4695-ADBC-AF6CCC2D1668}.Release|Any CPU.ActiveCfg = Release|Any CPU
		{16586258-ED1F-4695-ADBC-AF6CCC2D1668}.Release|Any CPU.Build.0 = Release|Any CPU
		{D9E33D0C-8EBE-4AB0-ACAD-4F4C8481AC65}.Debug|Any CPU.ActiveCfg = Debug|Any CPU
		{D9E33D0C-8EBE-4AB0-ACAD-4F4C8481AC65}.Debug|Any CPU.Build.0 = Debug|Any CPU
		{D9E33D0C-8EBE-4AB0-ACAD-4F4C8481AC65}.Release|Any CPU.ActiveCfg = Release|Any CPU
		{D9E33D0C-8EBE-4AB0-ACAD-4F4C8481AC65}.Release|Any CPU.Build.0 = Release|Any CPU
		{7E9D352E-A310-41F2-8248-38427E5BAA3B}.Debug|Any CPU.ActiveCfg = Debug|Any CPU
		{7E9D352E-A310-41F2-8248-38427E5BAA3B}.Debug|Any CPU.Build.0 = Debug|Any CPU
		{7E9D352E-A310-41F2-8248-38427E5BAA3B}.Release|Any CPU.ActiveCfg = Release|Any CPU
		{7E9D352E-A310-41F2-8248-38427E5BAA3B}.Release|Any CPU.Build.0 = Release|Any CPU
		{32F4F260-40EB-4A8F-8E1C-5C500949FA33}.Debug|Any CPU.ActiveCfg = Debug|Any CPU
		{32F4F260-40EB-4A8F-8E1C-5C500949FA33}.Debug|Any CPU.Build.0 = Debug|Any CPU
		{32F4F260-40EB-4A8F-8E1C-5C500949FA33}.Release|Any CPU.ActiveCfg = Release|Any CPU
		{32F4F260-40EB-4A8F-8E1C-5C500949FA33}.Release|Any CPU.Build.0 = Release|Any CPU
		{697D4B27-19C1-4019-9BB3-3249EA788F71}.Debug|Any CPU.ActiveCfg = Debug|Any CPU
		{697D4B27-19C1-4019-9BB3-3249EA788F71}.Debug|Any CPU.Build.0 = Debug|Any CPU
		{697D4B27-19C1-4019-9BB3-3249EA788F71}.Release|Any CPU.ActiveCfg = Release|Any CPU
		{697D4B27-19C1-4019-9BB3-3249EA788F71}.Release|Any CPU.Build.0 = Release|Any CPU
		{BB9BBFC2-07F0-480C-AA45-708C4C50714B}.Debug|Any CPU.ActiveCfg = Debug|Any CPU
		{BB9BBFC2-07F0-480C-AA45-708C4C50714B}.Debug|Any CPU.Build.0 = Debug|Any CPU
		{BB9BBFC2-07F0-480C-AA45-708C4C50714B}.Release|Any CPU.ActiveCfg = Release|Any CPU
		{BB9BBFC2-07F0-480C-AA45-708C4C50714B}.Release|Any CPU.Build.0 = Release|Any CPU
		{E5B02DFA-4FDE-43A4-98B7-8559CE4432F1}.Debug|Any CPU.ActiveCfg = Debug|Any CPU
		{E5B02DFA-4FDE-43A4-98B7-8559CE4432F1}.Debug|Any CPU.Build.0 = Debug|Any CPU
		{E5B02DFA-4FDE-43A4-98B7-8559CE4432F1}.Release|Any CPU.ActiveCfg = Release|Any CPU
		{E5B02DFA-4FDE-43A4-98B7-8559CE4432F1}.Release|Any CPU.Build.0 = Release|Any CPU
	EndGlobalSection
	GlobalSection(SolutionProperties) = preSolution
		HideSolutionNode = FALSE
	EndGlobalSection
EndGlobal
