
Microsoft Visual Studio Solution File, Format Version 12.00
# Visual Studio Version 16
VisualStudioVersion = 16.0.30225.117
MinimumVisualStudioVersion = 10.0.40219.1
Project("{FAE04EC0-301F-11D3-BF4B-00C04F79EFBC}") = "AoC", "..\AoC\AoC.csproj", "{F12EDE65-84CD-4B4C-8429-29E5A61C93BB}"
EndProject
Project("{FAE04EC0-301F-11D3-BF4B-00C04F79EFBC}") = "Day 2", "Day 2\Day 2.csproj", "{CD5A66CF-0CC5-4DA4-A2F4-C9BE6DCD638E}"
EndProject
Project("{FAE04EC0-301F-11D3-BF4B-00C04F79EFBC}") = "Day 3", "Day 3\Day 3.csproj", "{C53AFA8A-F436-499B-9584-AADE17AFA799}"
EndProject
Project("{FAE04EC0-301F-11D3-BF4B-00C04F79EFBC}") = "Day 1", "Day 1\Day 1.csproj", "{66E4A18A-D494-4E6D-B203-5904E1B347C3}"
EndProject
Global
	GlobalSection(SolutionConfigurationPlatforms) = preSolution
		Debug|Any CPU = Debug|Any CPU
		Release|Any CPU = Release|Any CPU
	EndGlobalSection
	GlobalSection(ProjectConfigurationPlatforms) = postSolution
		{F12EDE65-84CD-4B4C-8429-29E5A61C93BB}.Debug|Any CPU.ActiveCfg = Debug|Any CPU
		{F12EDE65-84CD-4B4C-8429-29E5A61C93BB}.Debug|Any CPU.Build.0 = Debug|Any CPU
		{F12EDE65-84CD-4B4C-8429-29E5A61C93BB}.Release|Any CPU.ActiveCfg = Release|Any CPU
		{F12EDE65-84CD-4B4C-8429-29E5A61C93BB}.Release|Any CPU.Build.0 = Release|Any CPU
		{CD5A66CF-0CC5-4DA4-A2F4-C9BE6DCD638E}.Debug|Any CPU.ActiveCfg = Debug|Any CPU
		{CD5A66CF-0CC5-4DA4-A2F4-C9BE6DCD638E}.Debug|Any CPU.Build.0 = Debug|Any CPU
		{CD5A66CF-0CC5-4DA4-A2F4-C9BE6DCD638E}.Release|Any CPU.ActiveCfg = Release|Any CPU
		{CD5A66CF-0CC5-4DA4-A2F4-C9BE6DCD638E}.Release|Any CPU.Build.0 = Release|Any CPU
		{C53AFA8A-F436-499B-9584-AADE17AFA799}.Debug|Any CPU.ActiveCfg = Debug|Any CPU
		{C53AFA8A-F436-499B-9584-AADE17AFA799}.Debug|Any CPU.Build.0 = Debug|Any CPU
		{C53AFA8A-F436-499B-9584-AADE17AFA799}.Release|Any CPU.ActiveCfg = Release|Any CPU
		{C53AFA8A-F436-499B-9584-AADE17AFA799}.Release|Any CPU.Build.0 = Release|Any CPU
		{66E4A18A-D494-4E6D-B203-5904E1B347C3}.Debug|Any CPU.ActiveCfg = Debug|Any CPU
		{66E4A18A-D494-4E6D-B203-5904E1B347C3}.Debug|Any CPU.Build.0 = Debug|Any CPU
		{66E4A18A-D494-4E6D-B203-5904E1B347C3}.Release|Any CPU.ActiveCfg = Release|Any CPU
		{66E4A18A-D494-4E6D-B203-5904E1B347C3}.Release|Any CPU.Build.0 = Release|Any CPU
	EndGlobalSection
	GlobalSection(SolutionProperties) = preSolution
		HideSolutionNode = FALSE
	EndGlobalSection
	GlobalSection(ExtensibilityGlobals) = postSolution
		SolutionGuid = {FB0BC5C2-D73B-4E78-889E-BC520B82C63E}
	EndGlobalSection
EndGlobal
