
Microsoft Visual Studio Solution File, Format Version 12.00
# Visual Studio Version 16
VisualStudioVersion = 16.0.30225.117
MinimumVisualStudioVersion = 10.0.40219.1
Project("{FAE04EC0-301F-11D3-BF4B-00C04F79EFBC}") = "AoC", "..\AoC\AoC.csproj", "{F12EDE65-84CD-4B4C-8429-29E5A61C93BB}"
EndProject
Project("{FAE04EC0-301F-11D3-BF4B-00C04F79EFBC}") = "Day 2", "Day 2\Day 2.csproj", "{CD5A66CF-0CC5-4DA4-A2F4-C9BE6DCD638E}"
EndProject
Project("{FAE04EC0-301F-11D3-BF4B-00C04F79EFBC}") = "Day 3", "Day 3\Day 3.csproj", "{C53AFA8A-F436-499B-9584-AADE17AFA799}"
EndProject
Project("{FAE04EC0-301F-11D3-BF4B-00C04F79EFBC}") = "Day 1", "Day 1\Day 1.csproj", "{66E4A18A-D494-4E6D-B203-5904E1B347C3}"
EndProject
Project("{FAE04EC0-301F-11D3-BF4B-00C04F79EFBC}") = "Day 4", "Day 4\Day 4.csproj", "{B61E2DF2-BFD3-4124-8645-7ED0DF6572C7}"
EndProject
Project("{FAE04EC0-301F-11D3-BF4B-00C04F79EFBC}") = "Day 5", "Day 5\Day 5.csproj", "{09B6D9ED-9865-4E25-A2CF-FEEDDCD78C6C}"
EndProject
Project("{FAE04EC0-301F-11D3-BF4B-00C04F79EFBC}") = "Day 6", "Day 6\Day 6.csproj", "{92FA4D40-E62C-4B9C-A1A1-D9EC17A8048B}"
EndProject
Project("{FAE04EC0-301F-11D3-BF4B-00C04F79EFBC}") = "Day 7", "Day 7\Day 7.csproj", "{2AB3978B-AF55-4E29-8A24-8500BC23C61C}"
EndProject
Project("{FAE04EC0-301F-11D3-BF4B-00C04F79EFBC}") = "Day 8", "Day 8\Day 8.csproj", "{72DB84BE-18CE-41E1-92C8-13127A299F68}"
EndProject
Project("{FAE04EC0-301F-11D3-BF4B-00C04F79EFBC}") = "Day 9", "Day 9\Day 9.csproj", "{39C1B24A-6784-4F9F-BDC1-5B3F8BF3055C}"
EndProject
Project("{FAE04EC0-301F-11D3-BF4B-00C04F79EFBC}") = "Day 10", "Day 10\Day 10.csproj", "{FBA8212C-0A46-413C-9C26-E490605D3423}"
EndProject
Project("{FAE04EC0-301F-11D3-BF4B-00C04F79EFBC}") = "Day 11", "Day 11\Day 11.csproj", "{45BFB5EB-B3AB-42A5-805D-34710D8170EC}"
EndProject
Project("{FAE04EC0-301F-11D3-BF4B-00C04F79EFBC}") = "Day 12", "Day 12\Day 12.csproj", "{AC2EFD39-E090-46CE-A5D1-33EC00886A1B}"
EndProject
Project("{FAE04EC0-301F-11D3-BF4B-00C04F79EFBC}") = "Day 13", "Day 13\Day 13.csproj", "{36E1F9DF-5950-4C98-8321-35B2B2D19A4B}"
EndProject
Project("{FAE04EC0-301F-11D3-BF4B-00C04F79EFBC}") = "Day 14", "Day 14\Day 14.csproj", "{AD682206-AC30-4335-97D8-B39C5B82765F}"
EndProject
Project("{FAE04EC0-301F-11D3-BF4B-00C04F79EFBC}") = "Day 15", "Day 15\Day 15.csproj", "{E0E59756-4824-4B3D-80AD-207697D0FA9E}"
EndProject
Project("{FAE04EC0-301F-11D3-BF4B-00C04F79EFBC}") = "Day 16", "Day 16\Day 16.csproj", "{E3BBA4CF-9F01-4035-8596-DB672FCEE9FF}"
EndProject
Project("{FAE04EC0-301F-11D3-BF4B-00C04F79EFBC}") = "Day 17", "Day 17\Day 17.csproj", "{6F038A9E-B138-450E-BA54-EB67C6956618}"
EndProject
Project("{FAE04EC0-301F-11D3-BF4B-00C04F79EFBC}") = "Day 18", "Day 18\Day 18.csproj", "{A84F9020-30AC-49ED-B24C-6CA887A4D1DC}"
EndProject
Project("{FAE04EC0-301F-11D3-BF4B-00C04F79EFBC}") = "Day 19", "Day 19\Day 19.csproj", "{C7B3279E-F9B0-4D19-8E1E-62CA80DF848E}"
EndProject
Global
	GlobalSection(SolutionConfigurationPlatforms) = preSolution
		Debug|Any CPU = Debug|Any CPU
		Release|Any CPU = Release|Any CPU
	EndGlobalSection
	GlobalSection(ProjectConfigurationPlatforms) = postSolution
		{F12EDE65-84CD-4B4C-8429-29E5A61C93BB}.Debug|Any CPU.ActiveCfg = Debug|Any CPU
		{F12EDE65-84CD-4B4C-8429-29E5A61C93BB}.Debug|Any CPU.Build.0 = Debug|Any CPU
		{F12EDE65-84CD-4B4C-8429-29E5A61C93BB}.Release|Any CPU.ActiveCfg = Release|Any CPU
		{F12EDE65-84CD-4B4C-8429-29E5A61C93BB}.Release|Any CPU.Build.0 = Release|Any CPU
		{CD5A66CF-0CC5-4DA4-A2F4-C9BE6DCD638E}.Debug|Any CPU.ActiveCfg = Debug|Any CPU
		{CD5A66CF-0CC5-4DA4-A2F4-C9BE6DCD638E}.Debug|Any CPU.Build.0 = Debug|Any CPU
		{CD5A66CF-0CC5-4DA4-A2F4-C9BE6DCD638E}.Release|Any CPU.ActiveCfg = Release|Any CPU
		{CD5A66CF-0CC5-4DA4-A2F4-C9BE6DCD638E}.Release|Any CPU.Build.0 = Release|Any CPU
		{C53AFA8A-F436-499B-9584-AADE17AFA799}.Debug|Any CPU.ActiveCfg = Debug|Any CPU
		{C53AFA8A-F436-499B-9584-AADE17AFA799}.Debug|Any CPU.Build.0 = Debug|Any CPU
		{C53AFA8A-F436-499B-9584-AADE17AFA799}.Release|Any CPU.ActiveCfg = Release|Any CPU
		{C53AFA8A-F436-499B-9584-AADE17AFA799}.Release|Any CPU.Build.0 = Release|Any CPU
		{66E4A18A-D494-4E6D-B203-5904E1B347C3}.Debug|Any CPU.ActiveCfg = Debug|Any CPU
		{66E4A18A-D494-4E6D-B203-5904E1B347C3}.Debug|Any CPU.Build.0 = Debug|Any CPU
		{66E4A18A-D494-4E6D-B203-5904E1B347C3}.Release|Any CPU.ActiveCfg = Release|Any CPU
		{66E4A18A-D494-4E6D-B203-5904E1B347C3}.Release|Any CPU.Build.0 = Release|Any CPU
		{B61E2DF2-BFD3-4124-8645-7ED0DF6572C7}.Debug|Any CPU.ActiveCfg = Debug|Any CPU
		{B61E2DF2-BFD3-4124-8645-7ED0DF6572C7}.Debug|Any CPU.Build.0 = Debug|Any CPU
		{B61E2DF2-BFD3-4124-8645-7ED0DF6572C7}.Release|Any CPU.ActiveCfg = Release|Any CPU
		{B61E2DF2-BFD3-4124-8645-7ED0DF6572C7}.Release|Any CPU.Build.0 = Release|Any CPU
		{09B6D9ED-9865-4E25-A2CF-FEEDDCD78C6C}.Debug|Any CPU.ActiveCfg = Debug|Any CPU
		{09B6D9ED-9865-4E25-A2CF-FEEDDCD78C6C}.Debug|Any CPU.Build.0 = Debug|Any CPU
		{09B6D9ED-9865-4E25-A2CF-FEEDDCD78C6C}.Release|Any CPU.ActiveCfg = Release|Any CPU
		{09B6D9ED-9865-4E25-A2CF-FEEDDCD78C6C}.Release|Any CPU.Build.0 = Release|Any CPU
		{92FA4D40-E62C-4B9C-A1A1-D9EC17A8048B}.Debug|Any CPU.ActiveCfg = Debug|Any CPU
		{92FA4D40-E62C-4B9C-A1A1-D9EC17A8048B}.Debug|Any CPU.Build.0 = Debug|Any CPU
		{92FA4D40-E62C-4B9C-A1A1-D9EC17A8048B}.Release|Any CPU.ActiveCfg = Release|Any CPU
		{92FA4D40-E62C-4B9C-A1A1-D9EC17A8048B}.Release|Any CPU.Build.0 = Release|Any CPU
		{2AB3978B-AF55-4E29-8A24-8500BC23C61C}.Debug|Any CPU.ActiveCfg = Debug|Any CPU
		{2AB3978B-AF55-4E29-8A24-8500BC23C61C}.Debug|Any CPU.Build.0 = Debug|Any CPU
		{2AB3978B-AF55-4E29-8A24-8500BC23C61C}.Release|Any CPU.ActiveCfg = Release|Any CPU
		{2AB3978B-AF55-4E29-8A24-8500BC23C61C}.Release|Any CPU.Build.0 = Release|Any CPU
		{72DB84BE-18CE-41E1-92C8-13127A299F68}.Debug|Any CPU.ActiveCfg = Debug|Any CPU
		{72DB84BE-18CE-41E1-92C8-13127A299F68}.Debug|Any CPU.Build.0 = Debug|Any CPU
		{72DB84BE-18CE-41E1-92C8-13127A299F68}.Release|Any CPU.ActiveCfg = Release|Any CPU
		{72DB84BE-18CE-41E1-92C8-13127A299F68}.Release|Any CPU.Build.0 = Release|Any CPU
		{39C1B24A-6784-4F9F-BDC1-5B3F8BF3055C}.Debug|Any CPU.ActiveCfg = Debug|Any CPU
		{39C1B24A-6784-4F9F-BDC1-5B3F8BF3055C}.Debug|Any CPU.Build.0 = Debug|Any CPU
		{39C1B24A-6784-4F9F-BDC1-5B3F8BF3055C}.Release|Any CPU.ActiveCfg = Release|Any CPU
		{39C1B24A-6784-4F9F-BDC1-5B3F8BF3055C}.Release|Any CPU.Build.0 = Release|Any CPU
		{FBA8212C-0A46-413C-9C26-E490605D3423}.Debug|Any CPU.ActiveCfg = Debug|Any CPU
		{FBA8212C-0A46-413C-9C26-E490605D3423}.Debug|Any CPU.Build.0 = Debug|Any CPU
		{FBA8212C-0A46-413C-9C26-E490605D3423}.Release|Any CPU.ActiveCfg = Release|Any CPU
		{FBA8212C-0A46-413C-9C26-E490605D3423}.Release|Any CPU.Build.0 = Release|Any CPU
		{45BFB5EB-B3AB-42A5-805D-34710D8170EC}.Debug|Any CPU.ActiveCfg = Debug|Any CPU
		{45BFB5EB-B3AB-42A5-805D-34710D8170EC}.Debug|Any CPU.Build.0 = Debug|Any CPU
		{45BFB5EB-B3AB-42A5-805D-34710D8170EC}.Release|Any CPU.ActiveCfg = Release|Any CPU
		{45BFB5EB-B3AB-42A5-805D-34710D8170EC}.Release|Any CPU.Build.0 = Release|Any CPU
		{AC2EFD39-E090-46CE-A5D1-33EC00886A1B}.Debug|Any CPU.ActiveCfg = Debug|Any CPU
		{AC2EFD39-E090-46CE-A5D1-33EC00886A1B}.Debug|Any CPU.Build.0 = Debug|Any CPU
		{AC2EFD39-E090-46CE-A5D1-33EC00886A1B}.Release|Any CPU.ActiveCfg = Release|Any CPU
		{AC2EFD39-E090-46CE-A5D1-33EC00886A1B}.Release|Any CPU.Build.0 = Release|Any CPU
		{36E1F9DF-5950-4C98-8321-35B2B2D19A4B}.Debug|Any CPU.ActiveCfg = Debug|Any CPU
		{36E1F9DF-5950-4C98-8321-35B2B2D19A4B}.Debug|Any CPU.Build.0 = Debug|Any CPU
		{36E1F9DF-5950-4C98-8321-35B2B2D19A4B}.Release|Any CPU.ActiveCfg = Release|Any CPU
		{36E1F9DF-5950-4C98-8321-35B2B2D19A4B}.Release|Any CPU.Build.0 = Release|Any CPU
		{AD682206-AC30-4335-97D8-B39C5B82765F}.Debug|Any CPU.ActiveCfg = Debug|Any CPU
		{AD682206-AC30-4335-97D8-B39C5B82765F}.Debug|Any CPU.Build.0 = Debug|Any CPU
		{AD682206-AC30-4335-97D8-B39C5B82765F}.Release|Any CPU.ActiveCfg = Release|Any CPU
		{AD682206-AC30-4335-97D8-B39C5B82765F}.Release|Any CPU.Build.0 = Release|Any CPU
		{E0E59756-4824-4B3D-80AD-207697D0FA9E}.Debug|Any CPU.ActiveCfg = Debug|Any CPU
		{E0E59756-4824-4B3D-80AD-207697D0FA9E}.Debug|Any CPU.Build.0 = Debug|Any CPU
		{E0E59756-4824-4B3D-80AD-207697D0FA9E}.Release|Any CPU.ActiveCfg = Release|Any CPU
		{E0E59756-4824-4B3D-80AD-207697D0FA9E}.Release|Any CPU.Build.0 = Release|Any CPU
		{E3BBA4CF-9F01-4035-8596-DB672FCEE9FF}.Debug|Any CPU.ActiveCfg = Debug|Any CPU
		{E3BBA4CF-9F01-4035-8596-DB672FCEE9FF}.Debug|Any CPU.Build.0 = Debug|Any CPU
		{E3BBA4CF-9F01-4035-8596-DB672FCEE9FF}.Release|Any CPU.ActiveCfg = Release|Any CPU
		{E3BBA4CF-9F01-4035-8596-DB672FCEE9FF}.Release|Any CPU.Build.0 = Release|Any CPU
		{6F038A9E-B138-450E-BA54-EB67C6956618}.Debug|Any CPU.ActiveCfg = Debug|Any CPU
		{6F038A9E-B138-450E-BA54-EB67C6956618}.Debug|Any CPU.Build.0 = Debug|Any CPU
		{6F038A9E-B138-450E-BA54-EB67C6956618}.Release|Any CPU.ActiveCfg = Release|Any CPU
		{6F038A9E-B138-450E-BA54-EB67C6956618}.Release|Any CPU.Build.0 = Release|Any CPU
		{A84F9020-30AC-49ED-B24C-6CA887A4D1DC}.Debug|Any CPU.ActiveCfg = Debug|Any CPU
		{A84F9020-30AC-49ED-B24C-6CA887A4D1DC}.Debug|Any CPU.Build.0 = Debug|Any CPU
		{A84F9020-30AC-49ED-B24C-6CA887A4D1DC}.Release|Any CPU.ActiveCfg = Release|Any CPU
		{A84F9020-30AC-49ED-B24C-6CA887A4D1DC}.Release|Any CPU.Build.0 = Release|Any CPU
		{C7B3279E-F9B0-4D19-8E1E-62CA80DF848E}.Debug|Any CPU.ActiveCfg = Debug|Any CPU
		{C7B3279E-F9B0-4D19-8E1E-62CA80DF848E}.Debug|Any CPU.Build.0 = Debug|Any CPU
		{C7B3279E-F9B0-4D19-8E1E-62CA80DF848E}.Release|Any CPU.ActiveCfg = Release|Any CPU
		{C7B3279E-F9B0-4D19-8E1E-62CA80DF848E}.Release|Any CPU.Build.0 = Release|Any CPU
	EndGlobalSection
	GlobalSection(SolutionProperties) = preSolution
		HideSolutionNode = FALSE
	EndGlobalSection
	GlobalSection(ExtensibilityGlobals) = postSolution
		SolutionGuid = {FB0BC5C2-D73B-4E78-889E-BC520B82C63E}
	EndGlobalSection
EndGlobal
