
Microsoft Visual Studio Solution File, Format Version 12.00
# Visual Studio Version 17
VisualStudioVersion = 17.6.33815.320
MinimumVisualStudioVersion = 10.0.40219.1
Project("{9A19103F-16F7-4668-BE54-9A1E7A4F7556}") = "AoC", "..\AoC_DotNet6\AoC.csproj", "{5F9461FC-AABC-467F-8A5E-E6C163C09F95}"
EndProject
Project("{9A19103F-16F7-4668-BE54-9A1E7A4F7556}") = "Day 1", "Day 1\Day 1.csproj", "{BAD1A10A-2426-489A-864F-073D4E7E690A}"
EndProject
Project("{9A19103F-16F7-4668-BE54-9A1E7A4F7556}") = "Day 2", "Day 2\Day 2.csproj", "{518720BB-C33F-4E4B-96E9-6389C182E4CB}"
EndProject
Project("{9A19103F-16F7-4668-BE54-9A1E7A4F7556}") = "Day 3", "Day 3\Day 3.csproj", "{1E4E710E-A5EC-4F8D-BBF3-79658B19587E}"
EndProject
Project("{9A19103F-16F7-4668-BE54-9A1E7A4F7556}") = "Day 4", "Day 4\Day 4.csproj", "{0F5E322F-A952-4F53-82F2-6AECB9A30791}"
EndProject
Project("{9A19103F-16F7-4668-BE54-9A1E7A4F7556}") = "Day 5", "Day 5\Day 5.csproj", "{6FFAB46F-8F15-4E63-9120-E5BFD22A6050}"
EndProject
Project("{9A19103F-16F7-4668-BE54-9A1E7A4F7556}") = "Day 7", "Day 7\Day 7.csproj", "{A002ED71-E959-4B9D-A7AC-72AC3814D9EA}"
EndProject
Project("{9A19103F-16F7-4668-BE54-9A1E7A4F7556}") = "Day 6", "Day 6\Day 6.csproj", "{367B140B-13E0-4C6E-B3BF-80157AD4CCFD}"
EndProject
Project("{9A19103F-16F7-4668-BE54-9A1E7A4F7556}") = "Day 8", "Day 8\Day 8.csproj", "{7A350678-36F5-441D-AC5E-6568FF0C018B}"
EndProject
Project("{9A19103F-16F7-4668-BE54-9A1E7A4F7556}") = "Day 9", "Day 9\Day 9.csproj", "{A60FEFE5-88EA-47DF-BA73-1714BCA7E9D2}"
EndProject
Project("{9A19103F-16F7-4668-BE54-9A1E7A4F7556}") = "Day 10", "Day 10\Day 10.csproj", "{ABDD202B-EA66-412C-BCEB-005C705C197B}"
EndProject
Project("{FAE04EC0-301F-11D3-BF4B-00C04F79EFBC}") = "Day 12", "Day 12\Day 12.csproj", "{1B775781-7021-4CF5-8C1C-7E43FD347413}"
EndProject
Global
	GlobalSection(SolutionConfigurationPlatforms) = preSolution
		Debug|Any CPU = Debug|Any CPU
		Release|Any CPU = Release|Any CPU
	EndGlobalSection
	GlobalSection(ProjectConfigurationPlatforms) = postSolution
		{5F9461FC-AABC-467F-8A5E-E6C163C09F95}.Debug|Any CPU.ActiveCfg = Debug|Any CPU
		{5F9461FC-AABC-467F-8A5E-E6C163C09F95}.Debug|Any CPU.Build.0 = Debug|Any CPU
		{5F9461FC-AABC-467F-8A5E-E6C163C09F95}.Release|Any CPU.ActiveCfg = Release|Any CPU
		{5F9461FC-AABC-467F-8A5E-E6C163C09F95}.Release|Any CPU.Build.0 = Release|Any CPU
		{BAD1A10A-2426-489A-864F-073D4E7E690A}.Debug|Any CPU.ActiveCfg = Debug|Any CPU
		{BAD1A10A-2426-489A-864F-073D4E7E690A}.Debug|Any CPU.Build.0 = Debug|Any CPU
		{BAD1A10A-2426-489A-864F-073D4E7E690A}.Release|Any CPU.ActiveCfg = Release|Any CPU
		{BAD1A10A-2426-489A-864F-073D4E7E690A}.Release|Any CPU.Build.0 = Release|Any CPU
		{518720BB-C33F-4E4B-96E9-6389C182E4CB}.Debug|Any CPU.ActiveCfg = Debug|Any CPU
		{518720BB-C33F-4E4B-96E9-6389C182E4CB}.Debug|Any CPU.Build.0 = Debug|Any CPU
		{518720BB-C33F-4E4B-96E9-6389C182E4CB}.Release|Any CPU.ActiveCfg = Release|Any CPU
		{518720BB-C33F-4E4B-96E9-6389C182E4CB}.Release|Any CPU.Build.0 = Release|Any CPU
		{1E4E710E-A5EC-4F8D-BBF3-79658B19587E}.Debug|Any CPU.ActiveCfg = Debug|Any CPU
		{1E4E710E-A5EC-4F8D-BBF3-79658B19587E}.Debug|Any CPU.Build.0 = Debug|Any CPU
		{1E4E710E-A5EC-4F8D-BBF3-79658B19587E}.Release|Any CPU.ActiveCfg = Release|Any CPU
		{1E4E710E-A5EC-4F8D-BBF3-79658B19587E}.Release|Any CPU.Build.0 = Release|Any CPU
		{0F5E322F-A952-4F53-82F2-6AECB9A30791}.Debug|Any CPU.ActiveCfg = Debug|Any CPU
		{0F5E322F-A952-4F53-82F2-6AECB9A30791}.Debug|Any CPU.Build.0 = Debug|Any CPU
		{0F5E322F-A952-4F53-82F2-6AECB9A30791}.Release|Any CPU.ActiveCfg = Release|Any CPU
		{0F5E322F-A952-4F53-82F2-6AECB9A30791}.Release|Any CPU.Build.0 = Release|Any CPU
		{6FFAB46F-8F15-4E63-9120-E5BFD22A6050}.Debug|Any CPU.ActiveCfg = Debug|Any CPU
		{6FFAB46F-8F15-4E63-9120-E5BFD22A6050}.Debug|Any CPU.Build.0 = Debug|Any CPU
		{6FFAB46F-8F15-4E63-9120-E5BFD22A6050}.Release|Any CPU.ActiveCfg = Release|Any CPU
		{6FFAB46F-8F15-4E63-9120-E5BFD22A6050}.Release|Any CPU.Build.0 = Release|Any CPU
		{A002ED71-E959-4B9D-A7AC-72AC3814D9EA}.Debug|Any CPU.ActiveCfg = Debug|Any CPU
		{A002ED71-E959-4B9D-A7AC-72AC3814D9EA}.Debug|Any CPU.Build.0 = Debug|Any CPU
		{A002ED71-E959-4B9D-A7AC-72AC3814D9EA}.Release|Any CPU.ActiveCfg = Release|Any CPU
		{A002ED71-E959-4B9D-A7AC-72AC3814D9EA}.Release|Any CPU.Build.0 = Release|Any CPU
		{367B140B-13E0-4C6E-B3BF-80157AD4CCFD}.Debug|Any CPU.ActiveCfg = Debug|Any CPU
		{367B140B-13E0-4C6E-B3BF-80157AD4CCFD}.Debug|Any CPU.Build.0 = Debug|Any CPU
		{367B140B-13E0-4C6E-B3BF-80157AD4CCFD}.Release|Any CPU.ActiveCfg = Release|Any CPU
		{367B140B-13E0-4C6E-B3BF-80157AD4CCFD}.Release|Any CPU.Build.0 = Release|Any CPU
		{7A350678-36F5-441D-AC5E-6568FF0C018B}.Debug|Any CPU.ActiveCfg = Debug|Any CPU
		{7A350678-36F5-441D-AC5E-6568FF0C018B}.Debug|Any CPU.Build.0 = Debug|Any CPU
		{7A350678-36F5-441D-AC5E-6568FF0C018B}.Release|Any CPU.ActiveCfg = Release|Any CPU
		{7A350678-36F5-441D-AC5E-6568FF0C018B}.Release|Any CPU.Build.0 = Release|Any CPU
		{A60FEFE5-88EA-47DF-BA73-1714BCA7E9D2}.Debug|Any CPU.ActiveCfg = Debug|Any CPU
		{A60FEFE5-88EA-47DF-BA73-1714BCA7E9D2}.Debug|Any CPU.Build.0 = Debug|Any CPU
		{A60FEFE5-88EA-47DF-BA73-1714BCA7E9D2}.Release|Any CPU.ActiveCfg = Release|Any CPU
		{A60FEFE5-88EA-47DF-BA73-1714BCA7E9D2}.Release|Any CPU.Build.0 = Release|Any CPU
		{ABDD202B-EA66-412C-BCEB-005C705C197B}.Debug|Any CPU.ActiveCfg = Debug|Any CPU
		{ABDD202B-EA66-412C-BCEB-005C705C197B}.Debug|Any CPU.Build.0 = Debug|Any CPU
		{ABDD202B-EA66-412C-BCEB-005C705C197B}.Release|Any CPU.ActiveCfg = Release|Any CPU
		{ABDD202B-EA66-412C-BCEB-005C705C197B}.Release|Any CPU.Build.0 = Release|Any CPU
		{1B775781-7021-4CF5-8C1C-7E43FD347413}.Debug|Any CPU.ActiveCfg = Debug|Any CPU
		{1B775781-7021-4CF5-8C1C-7E43FD347413}.Debug|Any CPU.Build.0 = Debug|Any CPU
		{1B775781-7021-4CF5-8C1C-7E43FD347413}.Release|Any CPU.ActiveCfg = Release|Any CPU
		{1B775781-7021-4CF5-8C1C-7E43FD347413}.Release|Any CPU.Build.0 = Release|Any CPU
	EndGlobalSection
	GlobalSection(SolutionProperties) = preSolution
		HideSolutionNode = FALSE
	EndGlobalSection
	GlobalSection(ExtensibilityGlobals) = postSolution
		SolutionGuid = {114B1D3B-9567-412D-8ACB-4D5BE6D5CBCF}
	EndGlobalSection
EndGlobal
